// !$*UTF8*$!
{
	archiveVersion = 1;
	classes = {
	};
	objectVersion = 46;
	objects = {

/* Begin PBXBuildFile section */
		5D017A941321827A00B8EA6A /* GMapsPolyline.m in Sources */ = {isa = PBXBuildFile; fileRef = 5D017A931321827A00B8EA6A /* GMapsPolyline.m */; };
		5D017A98132182A300B8EA6A /* GMapsBounds.m in Sources */ = {isa = PBXBuildFile; fileRef = 5D017A97132182A300B8EA6A /* GMapsBounds.m */; };
		5D017A9E13218A3300B8EA6A /* GMapsStep.m in Sources */ = {isa = PBXBuildFile; fileRef = 5D017A9D13218A3100B8EA6A /* GMapsStep.m */; };
		5D017AA11321965A00B8EA6A /* GMapsCoordinate.m in Sources */ = {isa = PBXBuildFile; fileRef = 5D017AA01321965500B8EA6A /* GMapsCoordinate.m */; };
		5D017AAA13255B5E00B8EA6A /* ScenicContent.m in Sources */ = {isa = PBXBuildFile; fileRef = 5D017AA913255B5E00B8EA6A /* ScenicContent.m */; };
		5D017AB113255D3700B8EA6A /* ScenicContentViewController.m in Sources */ = {isa = PBXBuildFile; fileRef = 5D017AAF13255D3600B8EA6A /* ScenicContentViewController.m */; };
		5D017AB213255D3700B8EA6A /* ScenicContentViewController.xib in Resources */ = {isa = PBXBuildFile; fileRef = 5D017AB013255D3600B8EA6A /* ScenicContentViewController.xib */; };
		5D017ABC132564C000B8EA6A /* PanoramioContent.m in Sources */ = {isa = PBXBuildFile; fileRef = 5D017ABB132564BA00B8EA6A /* PanoramioContent.m */; };
		5D017AC013257C9B00B8EA6A /* ScenicContentDisplayViewController.m in Sources */ = {isa = PBXBuildFile; fileRef = 5D017ABE13257C8F00B8EA6A /* ScenicContentDisplayViewController.m */; };
		5D017AC113257C9B00B8EA6A /* ScenicContentDisplayViewController.xib in Resources */ = {isa = PBXBuildFile; fileRef = 5D017ABF13257C9400B8EA6A /* ScenicContentDisplayViewController.xib */; };
		5D017ACA1325A4F200B8EA6A /* ScenicMapViewController.m in Sources */ = {isa = PBXBuildFile; fileRef = 5D017AC81325A4EC00B8EA6A /* ScenicMapViewController.m */; };
		5D017ACB1325A4F200B8EA6A /* ScenicMapViewController.xib in Resources */ = {isa = PBXBuildFile; fileRef = 5D017AC91325A4EE00B8EA6A /* ScenicMapViewController.xib */; };
		5D0587ED132098C500D42F0A /* UIKit.framework in Frameworks */ = {isa = PBXBuildFile; fileRef = 5D0587EC132098C500D42F0A /* UIKit.framework */; };
		5D0587EF132098C500D42F0A /* Foundation.framework in Frameworks */ = {isa = PBXBuildFile; fileRef = 5D0587EE132098C500D42F0A /* Foundation.framework */; };
		5D0587F1132098C500D42F0A /* CoreGraphics.framework in Frameworks */ = {isa = PBXBuildFile; fileRef = 5D0587F0132098C500D42F0A /* CoreGraphics.framework */; };
		5D058813132098C500D42F0A /* UIKit.framework in Frameworks */ = {isa = PBXBuildFile; fileRef = 5D0587EC132098C500D42F0A /* UIKit.framework */; };
		5D058814132098C500D42F0A /* Foundation.framework in Frameworks */ = {isa = PBXBuildFile; fileRef = 5D0587EE132098C500D42F0A /* Foundation.framework */; };
		5D058815132098C500D42F0A /* CoreGraphics.framework in Frameworks */ = {isa = PBXBuildFile; fileRef = 5D0587F0132098C500D42F0A /* CoreGraphics.framework */; };
		5D05881D132098C500D42F0A /* InfoPlist.strings in Resources */ = {isa = PBXBuildFile; fileRef = 5D05881B132098C500D42F0A /* InfoPlist.strings */; };
		5D058820132098C500D42F0A /* ScenicTests.h in Resources */ = {isa = PBXBuildFile; fileRef = 5D05881F132098C500D42F0A /* ScenicTests.h */; };
		5D058822132098C500D42F0A /* ScenicTests.m in Sources */ = {isa = PBXBuildFile; fileRef = 5D058821132098C500D42F0A /* ScenicTests.m */; };
		5D05887713209A3B00D42F0A /* JSONFetcher.m in Sources */ = {isa = PBXBuildFile; fileRef = 5D05883613209A3B00D42F0A /* JSONFetcher.m */; };
		5D05887813209A3B00D42F0A /* GMapsRouter.m in Sources */ = {isa = PBXBuildFile; fileRef = 5D05883813209A3B00D42F0A /* GMapsRouter.m */; };
		5D05887913209A3B00D42F0A /* DataFetcher.m in Sources */ = {isa = PBXBuildFile; fileRef = 5D05883A13209A3B00D42F0A /* DataFetcher.m */; };
		5D05887A13209A3B00D42F0A /* GMapsGeolocation.m in Sources */ = {isa = PBXBuildFile; fileRef = 5D05883C13209A3B00D42F0A /* GMapsGeolocation.m */; };
		5D05887B13209A3B00D42F0A /* ASIAuthenticationDialog.m in Sources */ = {isa = PBXBuildFile; fileRef = 5D05883E13209A3B00D42F0A /* ASIAuthenticationDialog.m */; };
		5D05887C13209A3B00D42F0A /* ASIDataCompressor.m in Sources */ = {isa = PBXBuildFile; fileRef = 5D05884113209A3B00D42F0A /* ASIDataCompressor.m */; };
		5D05887D13209A3B00D42F0A /* ASIDataDecompressor.m in Sources */ = {isa = PBXBuildFile; fileRef = 5D05884313209A3B00D42F0A /* ASIDataDecompressor.m */; };
		5D05887E13209A3B00D42F0A /* ASIDownloadCache.m in Sources */ = {isa = PBXBuildFile; fileRef = 5D05884513209A3B00D42F0A /* ASIDownloadCache.m */; };
		5D05887F13209A3B00D42F0A /* ASIFormDataRequest.m in Sources */ = {isa = PBXBuildFile; fileRef = 5D05884713209A3B00D42F0A /* ASIFormDataRequest.m */; };
		5D05888013209A3B00D42F0A /* ASIHTTPRequest.m in Sources */ = {isa = PBXBuildFile; fileRef = 5D05884913209A3B00D42F0A /* ASIHTTPRequest.m */; };
		5D05888113209A3B00D42F0A /* ASIInputStream.m in Sources */ = {isa = PBXBuildFile; fileRef = 5D05884D13209A3B00D42F0A /* ASIInputStream.m */; };
		5D05888213209A3B00D42F0A /* ASINetworkQueue.m in Sources */ = {isa = PBXBuildFile; fileRef = 5D05884F13209A3B00D42F0A /* ASINetworkQueue.m */; };
		5D05888313209A3B00D42F0A /* Reachability.m in Sources */ = {isa = PBXBuildFile; fileRef = 5D05885213209A3B00D42F0A /* Reachability.m */; };
		5D05888413209A3B00D42F0A /* strict.xcconfig in Resources */ = {isa = PBXBuildFile; fileRef = 5D05885313209A3B00D42F0A /* strict.xcconfig */; };
		5D05888513209A3B00D42F0A /* CDataScanner.m in Sources */ = {isa = PBXBuildFile; fileRef = 5D05885513209A3B00D42F0A /* CDataScanner.m */; };
		5D05888613209A3B00D42F0A /* CFilteringJSONSerializer.m in Sources */ = {isa = PBXBuildFile; fileRef = 5D05885713209A3B00D42F0A /* CFilteringJSONSerializer.m */; };
		5D05888713209A3B00D42F0A /* CJSONDeserializer_BlocksExtensions.m in Sources */ = {isa = PBXBuildFile; fileRef = 5D05885913209A3B00D42F0A /* CJSONDeserializer_BlocksExtensions.m */; };
		5D05888813209A3B00D42F0A /* CJSONSerializedData.m in Sources */ = {isa = PBXBuildFile; fileRef = 5D05885B13209A3B00D42F0A /* CJSONSerializedData.m */; };
		5D05888913209A3B00D42F0A /* CDataScanner_Extensions.m in Sources */ = {isa = PBXBuildFile; fileRef = 5D05885D13209A3B00D42F0A /* CDataScanner_Extensions.m */; };
		5D05888A13209A3B00D42F0A /* NSDictionary_JSONExtensions.m in Sources */ = {isa = PBXBuildFile; fileRef = 5D05885F13209A3B00D42F0A /* NSDictionary_JSONExtensions.m */; };
		5D05888B13209A3B00D42F0A /* CJSONDeserializer.m in Sources */ = {isa = PBXBuildFile; fileRef = 5D05886113209A3B00D42F0A /* CJSONDeserializer.m */; };
		5D05888C13209A3B00D42F0A /* CJSONScanner.m in Sources */ = {isa = PBXBuildFile; fileRef = 5D05886313209A3B00D42F0A /* CJSONScanner.m */; };
		5D05888D13209A3B00D42F0A /* CJSONSerializer.m in Sources */ = {isa = PBXBuildFile; fileRef = 5D05886513209A3B00D42F0A /* CJSONSerializer.m */; };
		5D05888F13209A3B00D42F0A /* InfoPlist.strings in Resources */ = {isa = PBXBuildFile; fileRef = 5D05886813209A3B00D42F0A /* InfoPlist.strings */; };
		5D05889013209A3B00D42F0A /* main.m in Sources */ = {isa = PBXBuildFile; fileRef = 5D05886A13209A3B00D42F0A /* main.m */; };
		5D05889113209A3B00D42F0A /* RouteRootViewController.xib in Resources */ = {isa = PBXBuildFile; fileRef = 5D05886C13209A3B00D42F0A /* RouteRootViewController.xib */; };
		5D05889213209A3B00D42F0A /* RouteRootViewController.m in Sources */ = {isa = PBXBuildFile; fileRef = 5D05886D13209A3B00D42F0A /* RouteRootViewController.m */; };
		5D05889313209A3B00D42F0A /* ScenicAppDelegate.m in Sources */ = {isa = PBXBuildFile; fileRef = 5D05886F13209A3B00D42F0A /* ScenicAppDelegate.m */; };
		5D05889413209A3B00D42F0A /* MainWindow.xib in Resources */ = {isa = PBXBuildFile; fileRef = 5D05887013209A3B00D42F0A /* MainWindow.xib */; };
		5D05889513209A3B00D42F0A /* HistoricalRouteViewController.m in Sources */ = {isa = PBXBuildFile; fileRef = 5D05887213209A3B00D42F0A /* HistoricalRouteViewController.m */; };
		5D05889613209A3B00D42F0A /* HistoricalRouteViewController.xib in Resources */ = {isa = PBXBuildFile; fileRef = 5D05887313209A3B00D42F0A /* HistoricalRouteViewController.xib */; };
		5D05889713209A3B00D42F0A /* RouteViewController.m in Sources */ = {isa = PBXBuildFile; fileRef = 5D05887513209A3B00D42F0A /* RouteViewController.m */; };
		5D05889813209A3B00D42F0A /* RouteViewController.xib in Resources */ = {isa = PBXBuildFile; fileRef = 5D05887613209A3B00D42F0A /* RouteViewController.xib */; };
		5D05889B13209A8100D42F0A /* GMapsGeolocator.m in Sources */ = {isa = PBXBuildFile; fileRef = 5D05889A13209A8100D42F0A /* GMapsGeolocator.m */; };
		5D0588A013209B8800D42F0A /* CFNetwork.framework in Frameworks */ = {isa = PBXBuildFile; fileRef = 5D05889C13209B8700D42F0A /* CFNetwork.framework */; };
		5D0588A113209B8800D42F0A /* libz.1.2.3.dylib in Frameworks */ = {isa = PBXBuildFile; fileRef = 5D05889D13209B8800D42F0A /* libz.1.2.3.dylib */; };
		5D0588A213209B8800D42F0A /* MobileCoreServices.framework in Frameworks */ = {isa = PBXBuildFile; fileRef = 5D05889E13209B8800D42F0A /* MobileCoreServices.framework */; };
		5D0588A313209B8800D42F0A /* SystemConfiguration.framework in Frameworks */ = {isa = PBXBuildFile; fileRef = 5D05889F13209B8800D42F0A /* SystemConfiguration.framework */; };
		5D063712133E885E00BF2EF0 /* PanoramioFetcher.m in Sources */ = {isa = PBXBuildFile; fileRef = 5D063711133E885E00BF2EF0 /* PanoramioFetcher.m */; };
		5D06B8F9132F04770035260F /* ScenicRoute.m in Sources */ = {isa = PBXBuildFile; fileRef = 5D06B8F8132F04770035260F /* ScenicRoute.m */; };
		5D06B8FD1330272D0035260F /* ScenicTextContent.m in Sources */ = {isa = PBXBuildFile; fileRef = 5D06B8FC1330272C0035260F /* ScenicTextContent.m */; };
		5D06B900133038600035260F /* ScenicPolyline.m in Sources */ = {isa = PBXBuildFile; fileRef = 5D06B8FF1330385A0035260F /* ScenicPolyline.m */; };
		5D06B90713304FCD0035260F /* ScenicMapSelectorModel.m in Sources */ = {isa = PBXBuildFile; fileRef = 5D06B90613304FCD0035260F /* ScenicMapSelectorModel.m */; };
		5D1DCCCB1326A3630013BD05 /* MapKit.framework in Frameworks */ = {isa = PBXBuildFile; fileRef = 5D1DCCCA1326A3630013BD05 /* MapKit.framework */; };
		5D1DCCCE1326A6A80013BD05 /* CoreLocation.framework in Frameworks */ = {isa = PBXBuildFile; fileRef = 5D1DCCCD1326A6A70013BD05 /* CoreLocation.framework */; };
		5D2FCF56132C0DC7005B08DD /* ScenicContentTextVC.m in Sources */ = {isa = PBXBuildFile; fileRef = 5D2FCF54132C0DB5005B08DD /* ScenicContentTextVC.m */; };
		5D2FCF5A132EA2F5005B08DD /* ScenicContentTextVC.xib in Resources */ = {isa = PBXBuildFile; fileRef = 5D2FCF59132EA2F5005B08DD /* ScenicContentTextVC.xib */; };
		5D2FCF5D132EAA48005B08DD /* ScenicWaypointViewController.m in Sources */ = {isa = PBXBuildFile; fileRef = 5D2FCF5C132EAA41005B08DD /* ScenicWaypointViewController.m */; };
		5D33448913464B5E0091C215 /* HistoricalRootViewController.m in Sources */ = {isa = PBXBuildFile; fileRef = 5D33448713464B5E0091C215 /* HistoricalRootViewController.m */; };
		5D33448A13464B5E0091C215 /* HistoricalRootViewController.xib in Resources */ = {isa = PBXBuildFile; fileRef = 5D33448813464B5E0091C215 /* HistoricalRootViewController.xib */; };
		5D3BE3941343F79200534241 /* UserPhotoContent.m in Sources */ = {isa = PBXBuildFile; fileRef = 5D3BE3931343F79200534241 /* UserPhotoContent.m */; };
		5D3BE3971344152B00534241 /* CDUserContent.m in Sources */ = {isa = PBXBuildFile; fileRef = 5D3BE3961344152A00534241 /* CDUserContent.m */; };
		5D490DCB13297B43006905A9 /* ScenicServerFetcher.m in Sources */ = {isa = PBXBuildFile; fileRef = 5D490DCA13297B41006905A9 /* ScenicServerFetcher.m */; };
		5D490DCE1329834B006905A9 /* PanoramioPicFetcher.m in Sources */ = {isa = PBXBuildFile; fileRef = 5D490DCD1329834A006905A9 /* PanoramioPicFetcher.m */; };
		5D490DD1132985E0006905A9 /* ScenicParkFetcher.m in Sources */ = {isa = PBXBuildFile; fileRef = 5D490DD0132985DE006905A9 /* ScenicParkFetcher.m */; };
		5D490DD413298693006905A9 /* YelpFetcher.m in Sources */ = {isa = PBXBuildFile; fileRef = 5D490DD313298691006905A9 /* YelpFetcher.m */; };
		5D718D8513398AD000E5DAEF /* ScenicMapView.m in Sources */ = {isa = PBXBuildFile; fileRef = 5D718D8413398AD000E5DAEF /* ScenicMapView.m */; };
		5D718D89133993FA00E5DAEF /* WildcardGestureRecognizer.m in Sources */ = {isa = PBXBuildFile; fileRef = 5D718D88133993FA00E5DAEF /* WildcardGestureRecognizer.m */; };
		5D8AAD5B1343A62400007FD9 /* CoreData.framework in Frameworks */ = {isa = PBXBuildFile; fileRef = 5D8AAD5A1343A62400007FD9 /* CoreData.framework */; };
		5D8AAE051343B37100007FD9 /* Scenic.xcdatamodeld in Sources */ = {isa = PBXBuildFile; fileRef = 5D8AAE031343B37100007FD9 /* Scenic.xcdatamodeld */; };
		5D99EF0D1340E99900E1412E /* ScenicTripViewController.m in Sources */ = {isa = PBXBuildFile; fileRef = 5D99EF0B1340E99900E1412E /* ScenicTripViewController.m */; };
		5D99EF0E1340E99900E1412E /* ScenicTripViewController.xib in Resources */ = {isa = PBXBuildFile; fileRef = 5D99EF0C1340E99900E1412E /* ScenicTripViewController.xib */; };
		5D99EF111340EBDA00E1412E /* ScenicTripModel.m in Sources */ = {isa = PBXBuildFile; fileRef = 5D99EF101340EBDA00E1412E /* ScenicTripModel.m */; };
		5DBF2BB1132ED72F004C1F90 /* add-28.png in Resources */ = {isa = PBXBuildFile; fileRef = 5DBF2BB0132ED72F004C1F90 /* add-28.png */; };
		5DCB3F6F1343B5D5006CF30B /* CDRoute.m in Sources */ = {isa = PBXBuildFile; fileRef = 5DCB3F6E1343B5D5006CF30B /* CDRoute.m */; };
		5DCB3F731343D920006CF30B /* CDHelper.m in Sources */ = {isa = PBXBuildFile; fileRef = 5DCB3F721343D920006CF30B /* CDHelper.m */; };
		5DCF17D31320A33100D19D04 /* GMapsRoute.m in Sources */ = {isa = PBXBuildFile; fileRef = 5DCF17D21320A33100D19D04 /* GMapsRoute.m */; };
		5DCF17D71320A47400D19D04 /* GMapsLeg.m in Sources */ = {isa = PBXBuildFile; fileRef = 5DCF17D61320A47400D19D04 /* GMapsLeg.m */; };
		5DE4663D133BEFF10095385F /* remove.png in Resources */ = {isa = PBXBuildFile; fileRef = 5DE4663C133BEFF10095385F /* remove.png */; };
		AA3A91401329E45300894C16 /* TableCell.m in Sources */ = {isa = PBXBuildFile; fileRef = AA3A913F1329E45300894C16 /* TableCell.m */; };
		AACD9567132A8B0B00855892 /* 103-map.png in Resources */ = {isa = PBXBuildFile; fileRef = AACD9563132A8B0B00855892 /* 103-map.png */; };
		AACD9568132A8B0B00855892 /* 29-heart.png in Resources */ = {isa = PBXBuildFile; fileRef = AACD9564132A8B0B00855892 /* 29-heart.png */; };
		AACD9569132A8B0B00855892 /* dest.png in Resources */ = {isa = PBXBuildFile; fileRef = AACD9565132A8B0B00855892 /* dest.png */; };
		AACD956A132A8B0B00855892 /* location.png in Resources */ = {isa = PBXBuildFile; fileRef = AACD9566132A8B0B00855892 /* location.png */; };
		AAEB699A132B2ADC0013B172 /* GeoHash.m in Sources */ = {isa = PBXBuildFile; fileRef = AAEB6999132B2ADC0013B172 /* GeoHash.m */; };
/* End PBXBuildFile section */

/* Begin PBXContainerItemProxy section */
		5D058816132098C500D42F0A /* PBXContainerItemProxy */ = {
			isa = PBXContainerItemProxy;
			containerPortal = 5D0587DF132098C400D42F0A /* Project object */;
			proxyType = 1;
			remoteGlobalIDString = 5D0587E7132098C500D42F0A;
			remoteInfo = Scenic;
		};
/* End PBXContainerItemProxy section */

/* Begin PBXFileReference section */
		5D017A921321827900B8EA6A /* GMapsPolyline.h */ = {isa = PBXFileReference; fileEncoding = 4; lastKnownFileType = sourcecode.c.h; path = GMapsPolyline.h; sourceTree = "<group>"; };
		5D017A931321827A00B8EA6A /* GMapsPolyline.m */ = {isa = PBXFileReference; fileEncoding = 4; lastKnownFileType = sourcecode.c.objc; path = GMapsPolyline.m; sourceTree = "<group>"; };
		5D017A96132182A200B8EA6A /* GMapsBounds.h */ = {isa = PBXFileReference; fileEncoding = 4; lastKnownFileType = sourcecode.c.h; path = GMapsBounds.h; sourceTree = "<group>"; };
		5D017A97132182A300B8EA6A /* GMapsBounds.m */ = {isa = PBXFileReference; fileEncoding = 4; lastKnownFileType = sourcecode.c.objc; path = GMapsBounds.m; sourceTree = "<group>"; };
		5D017A9C13218A3000B8EA6A /* GMapsStep.h */ = {isa = PBXFileReference; fileEncoding = 4; lastKnownFileType = sourcecode.c.h; path = GMapsStep.h; sourceTree = "<group>"; };
		5D017A9D13218A3100B8EA6A /* GMapsStep.m */ = {isa = PBXFileReference; fileEncoding = 4; lastKnownFileType = sourcecode.c.objc; path = GMapsStep.m; sourceTree = "<group>"; };
		5D017A9F1321965200B8EA6A /* GMapsCoordinate.h */ = {isa = PBXFileReference; fileEncoding = 4; lastKnownFileType = sourcecode.c.h; path = GMapsCoordinate.h; sourceTree = "<group>"; };
		5D017AA01321965500B8EA6A /* GMapsCoordinate.m */ = {isa = PBXFileReference; fileEncoding = 4; lastKnownFileType = sourcecode.c.objc; path = GMapsCoordinate.m; sourceTree = "<group>"; };
		5D017AA813255B5D00B8EA6A /* ScenicContent.h */ = {isa = PBXFileReference; fileEncoding = 4; lastKnownFileType = sourcecode.c.h; path = ScenicContent.h; sourceTree = "<group>"; };
		5D017AA913255B5E00B8EA6A /* ScenicContent.m */ = {isa = PBXFileReference; fileEncoding = 4; lastKnownFileType = sourcecode.c.objc; path = ScenicContent.m; sourceTree = "<group>"; };
		5D017AAE13255D3600B8EA6A /* ScenicContentViewController.h */ = {isa = PBXFileReference; fileEncoding = 4; lastKnownFileType = sourcecode.c.h; path = ScenicContentViewController.h; sourceTree = "<group>"; };
		5D017AAF13255D3600B8EA6A /* ScenicContentViewController.m */ = {isa = PBXFileReference; fileEncoding = 4; lastKnownFileType = sourcecode.c.objc; path = ScenicContentViewController.m; sourceTree = "<group>"; };
		5D017AB013255D3600B8EA6A /* ScenicContentViewController.xib */ = {isa = PBXFileReference; fileEncoding = 4; lastKnownFileType = file.xib; path = ScenicContentViewController.xib; sourceTree = "<group>"; };
		5D017AB91325635300B8EA6A /* ScenicContentProvider.h */ = {isa = PBXFileReference; fileEncoding = 4; lastKnownFileType = sourcecode.c.h; path = ScenicContentProvider.h; sourceTree = "<group>"; };
		5D017ABA132564B700B8EA6A /* PanoramioContent.h */ = {isa = PBXFileReference; fileEncoding = 4; lastKnownFileType = sourcecode.c.h; path = PanoramioContent.h; sourceTree = "<group>"; };
		5D017ABB132564BA00B8EA6A /* PanoramioContent.m */ = {isa = PBXFileReference; fileEncoding = 4; lastKnownFileType = sourcecode.c.objc; path = PanoramioContent.m; sourceTree = "<group>"; };
		5D017ABD13257C8D00B8EA6A /* ScenicContentDisplayViewController.h */ = {isa = PBXFileReference; fileEncoding = 4; lastKnownFileType = sourcecode.c.h; path = ScenicContentDisplayViewController.h; sourceTree = "<group>"; };
		5D017ABE13257C8F00B8EA6A /* ScenicContentDisplayViewController.m */ = {isa = PBXFileReference; fileEncoding = 4; lastKnownFileType = sourcecode.c.objc; path = ScenicContentDisplayViewController.m; sourceTree = "<group>"; };
		5D017ABF13257C9400B8EA6A /* ScenicContentDisplayViewController.xib */ = {isa = PBXFileReference; fileEncoding = 4; lastKnownFileType = file.xib; path = ScenicContentDisplayViewController.xib; sourceTree = "<group>"; };
		5D017AC71325A4EB00B8EA6A /* ScenicMapViewController.h */ = {isa = PBXFileReference; fileEncoding = 4; lastKnownFileType = sourcecode.c.h; path = ScenicMapViewController.h; sourceTree = "<group>"; };
		5D017AC81325A4EC00B8EA6A /* ScenicMapViewController.m */ = {isa = PBXFileReference; fileEncoding = 4; lastKnownFileType = sourcecode.c.objc; path = ScenicMapViewController.m; sourceTree = "<group>"; };
		5D017AC91325A4EE00B8EA6A /* ScenicMapViewController.xib */ = {isa = PBXFileReference; fileEncoding = 4; lastKnownFileType = file.xib; path = ScenicMapViewController.xib; sourceTree = "<group>"; };
		5D0587E8132098C500D42F0A /* Scenic.app */ = {isa = PBXFileReference; explicitFileType = wrapper.application; includeInIndex = 0; path = Scenic.app; sourceTree = BUILT_PRODUCTS_DIR; };
		5D0587EC132098C500D42F0A /* UIKit.framework */ = {isa = PBXFileReference; lastKnownFileType = wrapper.framework; name = UIKit.framework; path = System/Library/Frameworks/UIKit.framework; sourceTree = SDKROOT; };
		5D0587EE132098C500D42F0A /* Foundation.framework */ = {isa = PBXFileReference; lastKnownFileType = wrapper.framework; name = Foundation.framework; path = System/Library/Frameworks/Foundation.framework; sourceTree = SDKROOT; };
		5D0587F0132098C500D42F0A /* CoreGraphics.framework */ = {isa = PBXFileReference; lastKnownFileType = wrapper.framework; name = CoreGraphics.framework; path = System/Library/Frameworks/CoreGraphics.framework; sourceTree = SDKROOT; };
		5D058812132098C500D42F0A /* ScenicTests.octest */ = {isa = PBXFileReference; explicitFileType = wrapper.cfbundle; includeInIndex = 0; path = ScenicTests.octest; sourceTree = BUILT_PRODUCTS_DIR; };
		5D05881A132098C500D42F0A /* ScenicTests-Info.plist */ = {isa = PBXFileReference; lastKnownFileType = text.plist.xml; path = "ScenicTests-Info.plist"; sourceTree = "<group>"; };
		5D05881C132098C500D42F0A /* en */ = {isa = PBXFileReference; lastKnownFileType = text.plist.strings; name = en; path = en.lproj/InfoPlist.strings; sourceTree = "<group>"; };
		5D05881E132098C500D42F0A /* ScenicTests-Prefix.pch */ = {isa = PBXFileReference; lastKnownFileType = sourcecode.c.h; path = "ScenicTests-Prefix.pch"; sourceTree = "<group>"; };
		5D05881F132098C500D42F0A /* ScenicTests.h */ = {isa = PBXFileReference; lastKnownFileType = sourcecode.c.h; path = ScenicTests.h; sourceTree = "<group>"; };
		5D058821132098C500D42F0A /* ScenicTests.m */ = {isa = PBXFileReference; lastKnownFileType = sourcecode.c.objc; path = ScenicTests.m; sourceTree = "<group>"; };
		5D05883513209A3B00D42F0A /* JSONFetcher.h */ = {isa = PBXFileReference; fileEncoding = 4; lastKnownFileType = sourcecode.c.h; path = JSONFetcher.h; sourceTree = "<group>"; };
		5D05883613209A3B00D42F0A /* JSONFetcher.m */ = {isa = PBXFileReference; fileEncoding = 4; lastKnownFileType = sourcecode.c.objc; path = JSONFetcher.m; sourceTree = "<group>"; };
		5D05883713209A3B00D42F0A /* GMapsRouter.h */ = {isa = PBXFileReference; fileEncoding = 4; lastKnownFileType = sourcecode.c.h; path = GMapsRouter.h; sourceTree = "<group>"; };
		5D05883813209A3B00D42F0A /* GMapsRouter.m */ = {isa = PBXFileReference; fileEncoding = 4; lastKnownFileType = sourcecode.c.objc; path = GMapsRouter.m; sourceTree = "<group>"; };
		5D05883913209A3B00D42F0A /* DataFetcher.h */ = {isa = PBXFileReference; fileEncoding = 4; lastKnownFileType = sourcecode.c.h; path = DataFetcher.h; sourceTree = "<group>"; };
		5D05883A13209A3B00D42F0A /* DataFetcher.m */ = {isa = PBXFileReference; fileEncoding = 4; lastKnownFileType = sourcecode.c.objc; path = DataFetcher.m; sourceTree = "<group>"; };
		5D05883B13209A3B00D42F0A /* GMapsGeolocation.h */ = {isa = PBXFileReference; fileEncoding = 4; lastKnownFileType = sourcecode.c.h; path = GMapsGeolocation.h; sourceTree = "<group>"; };
		5D05883C13209A3B00D42F0A /* GMapsGeolocation.m */ = {isa = PBXFileReference; fileEncoding = 4; lastKnownFileType = sourcecode.c.objc; path = GMapsGeolocation.m; sourceTree = "<group>"; };
		5D05883D13209A3B00D42F0A /* ASIAuthenticationDialog.h */ = {isa = PBXFileReference; fileEncoding = 4; lastKnownFileType = sourcecode.c.h; path = ASIAuthenticationDialog.h; sourceTree = "<group>"; };
		5D05883E13209A3B00D42F0A /* ASIAuthenticationDialog.m */ = {isa = PBXFileReference; fileEncoding = 4; lastKnownFileType = sourcecode.c.objc; path = ASIAuthenticationDialog.m; sourceTree = "<group>"; };
		5D05883F13209A3B00D42F0A /* ASICacheDelegate.h */ = {isa = PBXFileReference; fileEncoding = 4; lastKnownFileType = sourcecode.c.h; path = ASICacheDelegate.h; sourceTree = "<group>"; };
		5D05884013209A3B00D42F0A /* ASIDataCompressor.h */ = {isa = PBXFileReference; fileEncoding = 4; lastKnownFileType = sourcecode.c.h; path = ASIDataCompressor.h; sourceTree = "<group>"; };
		5D05884113209A3B00D42F0A /* ASIDataCompressor.m */ = {isa = PBXFileReference; fileEncoding = 4; lastKnownFileType = sourcecode.c.objc; path = ASIDataCompressor.m; sourceTree = "<group>"; };
		5D05884213209A3B00D42F0A /* ASIDataDecompressor.h */ = {isa = PBXFileReference; fileEncoding = 4; lastKnownFileType = sourcecode.c.h; path = ASIDataDecompressor.h; sourceTree = "<group>"; };
		5D05884313209A3B00D42F0A /* ASIDataDecompressor.m */ = {isa = PBXFileReference; fileEncoding = 4; lastKnownFileType = sourcecode.c.objc; path = ASIDataDecompressor.m; sourceTree = "<group>"; };
		5D05884413209A3B00D42F0A /* ASIDownloadCache.h */ = {isa = PBXFileReference; fileEncoding = 4; lastKnownFileType = sourcecode.c.h; path = ASIDownloadCache.h; sourceTree = "<group>"; };
		5D05884513209A3B00D42F0A /* ASIDownloadCache.m */ = {isa = PBXFileReference; fileEncoding = 4; lastKnownFileType = sourcecode.c.objc; path = ASIDownloadCache.m; sourceTree = "<group>"; };
		5D05884613209A3B00D42F0A /* ASIFormDataRequest.h */ = {isa = PBXFileReference; fileEncoding = 4; lastKnownFileType = sourcecode.c.h; path = ASIFormDataRequest.h; sourceTree = "<group>"; };
		5D05884713209A3B00D42F0A /* ASIFormDataRequest.m */ = {isa = PBXFileReference; fileEncoding = 4; lastKnownFileType = sourcecode.c.objc; path = ASIFormDataRequest.m; sourceTree = "<group>"; };
		5D05884813209A3B00D42F0A /* ASIHTTPRequest.h */ = {isa = PBXFileReference; fileEncoding = 4; lastKnownFileType = sourcecode.c.h; path = ASIHTTPRequest.h; sourceTree = "<group>"; };
		5D05884913209A3B00D42F0A /* ASIHTTPRequest.m */ = {isa = PBXFileReference; fileEncoding = 4; lastKnownFileType = sourcecode.c.objc; path = ASIHTTPRequest.m; sourceTree = "<group>"; };
		5D05884A13209A3B00D42F0A /* ASIHTTPRequestConfig.h */ = {isa = PBXFileReference; fileEncoding = 4; lastKnownFileType = sourcecode.c.h; path = ASIHTTPRequestConfig.h; sourceTree = "<group>"; };
		5D05884B13209A3B00D42F0A /* ASIHTTPRequestDelegate.h */ = {isa = PBXFileReference; fileEncoding = 4; lastKnownFileType = sourcecode.c.h; path = ASIHTTPRequestDelegate.h; sourceTree = "<group>"; };
		5D05884C13209A3B00D42F0A /* ASIInputStream.h */ = {isa = PBXFileReference; fileEncoding = 4; lastKnownFileType = sourcecode.c.h; path = ASIInputStream.h; sourceTree = "<group>"; };
		5D05884D13209A3B00D42F0A /* ASIInputStream.m */ = {isa = PBXFileReference; fileEncoding = 4; lastKnownFileType = sourcecode.c.objc; path = ASIInputStream.m; sourceTree = "<group>"; };
		5D05884E13209A3B00D42F0A /* ASINetworkQueue.h */ = {isa = PBXFileReference; fileEncoding = 4; lastKnownFileType = sourcecode.c.h; path = ASINetworkQueue.h; sourceTree = "<group>"; };
		5D05884F13209A3B00D42F0A /* ASINetworkQueue.m */ = {isa = PBXFileReference; fileEncoding = 4; lastKnownFileType = sourcecode.c.objc; path = ASINetworkQueue.m; sourceTree = "<group>"; };
		5D05885013209A3B00D42F0A /* ASIProgressDelegate.h */ = {isa = PBXFileReference; fileEncoding = 4; lastKnownFileType = sourcecode.c.h; path = ASIProgressDelegate.h; sourceTree = "<group>"; };
		5D05885113209A3B00D42F0A /* Reachability.h */ = {isa = PBXFileReference; fileEncoding = 4; lastKnownFileType = sourcecode.c.h; path = Reachability.h; sourceTree = "<group>"; };
		5D05885213209A3B00D42F0A /* Reachability.m */ = {isa = PBXFileReference; fileEncoding = 4; lastKnownFileType = sourcecode.c.objc; path = Reachability.m; sourceTree = "<group>"; };
		5D05885313209A3B00D42F0A /* strict.xcconfig */ = {isa = PBXFileReference; fileEncoding = 4; lastKnownFileType = text.xcconfig; path = strict.xcconfig; sourceTree = "<group>"; };
		5D05885413209A3B00D42F0A /* CDataScanner.h */ = {isa = PBXFileReference; fileEncoding = 4; lastKnownFileType = sourcecode.c.h; path = CDataScanner.h; sourceTree = "<group>"; };
		5D05885513209A3B00D42F0A /* CDataScanner.m */ = {isa = PBXFileReference; fileEncoding = 4; lastKnownFileType = sourcecode.c.objc; path = CDataScanner.m; sourceTree = "<group>"; };
		5D05885613209A3B00D42F0A /* CFilteringJSONSerializer.h */ = {isa = PBXFileReference; fileEncoding = 4; lastKnownFileType = sourcecode.c.h; path = CFilteringJSONSerializer.h; sourceTree = "<group>"; };
		5D05885713209A3B00D42F0A /* CFilteringJSONSerializer.m */ = {isa = PBXFileReference; fileEncoding = 4; lastKnownFileType = sourcecode.c.objc; path = CFilteringJSONSerializer.m; sourceTree = "<group>"; };
		5D05885813209A3B00D42F0A /* CJSONDeserializer_BlocksExtensions.h */ = {isa = PBXFileReference; fileEncoding = 4; lastKnownFileType = sourcecode.c.h; path = CJSONDeserializer_BlocksExtensions.h; sourceTree = "<group>"; };
		5D05885913209A3B00D42F0A /* CJSONDeserializer_BlocksExtensions.m */ = {isa = PBXFileReference; fileEncoding = 4; lastKnownFileType = sourcecode.c.objc; path = CJSONDeserializer_BlocksExtensions.m; sourceTree = "<group>"; };
		5D05885A13209A3B00D42F0A /* CJSONSerializedData.h */ = {isa = PBXFileReference; fileEncoding = 4; lastKnownFileType = sourcecode.c.h; path = CJSONSerializedData.h; sourceTree = "<group>"; };
		5D05885B13209A3B00D42F0A /* CJSONSerializedData.m */ = {isa = PBXFileReference; fileEncoding = 4; lastKnownFileType = sourcecode.c.objc; path = CJSONSerializedData.m; sourceTree = "<group>"; };
		5D05885C13209A3B00D42F0A /* CDataScanner_Extensions.h */ = {isa = PBXFileReference; fileEncoding = 4; lastKnownFileType = sourcecode.c.h; path = CDataScanner_Extensions.h; sourceTree = "<group>"; };
		5D05885D13209A3B00D42F0A /* CDataScanner_Extensions.m */ = {isa = PBXFileReference; fileEncoding = 4; lastKnownFileType = sourcecode.c.objc; path = CDataScanner_Extensions.m; sourceTree = "<group>"; };
		5D05885E13209A3B00D42F0A /* NSDictionary_JSONExtensions.h */ = {isa = PBXFileReference; fileEncoding = 4; lastKnownFileType = sourcecode.c.h; path = NSDictionary_JSONExtensions.h; sourceTree = "<group>"; };
		5D05885F13209A3B00D42F0A /* NSDictionary_JSONExtensions.m */ = {isa = PBXFileReference; fileEncoding = 4; lastKnownFileType = sourcecode.c.objc; path = NSDictionary_JSONExtensions.m; sourceTree = "<group>"; };
		5D05886013209A3B00D42F0A /* CJSONDeserializer.h */ = {isa = PBXFileReference; fileEncoding = 4; lastKnownFileType = sourcecode.c.h; path = CJSONDeserializer.h; sourceTree = "<group>"; };
		5D05886113209A3B00D42F0A /* CJSONDeserializer.m */ = {isa = PBXFileReference; fileEncoding = 4; lastKnownFileType = sourcecode.c.objc; path = CJSONDeserializer.m; sourceTree = "<group>"; };
		5D05886213209A3B00D42F0A /* CJSONScanner.h */ = {isa = PBXFileReference; fileEncoding = 4; lastKnownFileType = sourcecode.c.h; path = CJSONScanner.h; sourceTree = "<group>"; };
		5D05886313209A3B00D42F0A /* CJSONScanner.m */ = {isa = PBXFileReference; fileEncoding = 4; lastKnownFileType = sourcecode.c.objc; path = CJSONScanner.m; sourceTree = "<group>"; };
		5D05886413209A3B00D42F0A /* CJSONSerializer.h */ = {isa = PBXFileReference; fileEncoding = 4; lastKnownFileType = sourcecode.c.h; path = CJSONSerializer.h; sourceTree = "<group>"; };
		5D05886513209A3B00D42F0A /* CJSONSerializer.m */ = {isa = PBXFileReference; fileEncoding = 4; lastKnownFileType = sourcecode.c.objc; path = CJSONSerializer.m; sourceTree = "<group>"; };
		5D05886613209A3B00D42F0A /* JSONRepresentation.h */ = {isa = PBXFileReference; fileEncoding = 4; lastKnownFileType = sourcecode.c.h; path = JSONRepresentation.h; sourceTree = "<group>"; };
		5D05886713209A3B00D42F0A /* Scenic-Info.plist */ = {isa = PBXFileReference; fileEncoding = 4; lastKnownFileType = text.plist.xml; path = "Scenic-Info.plist"; sourceTree = "<group>"; };
		5D05886813209A3B00D42F0A /* InfoPlist.strings */ = {isa = PBXFileReference; fileEncoding = 4; lastKnownFileType = text.plist.strings; path = InfoPlist.strings; sourceTree = "<group>"; };
		5D05886913209A3B00D42F0A /* Scenic-Prefix.pch */ = {isa = PBXFileReference; fileEncoding = 4; lastKnownFileType = sourcecode.c.h; path = "Scenic-Prefix.pch"; sourceTree = "<group>"; };
		5D05886A13209A3B00D42F0A /* main.m */ = {isa = PBXFileReference; fileEncoding = 4; lastKnownFileType = sourcecode.c.objc; path = main.m; sourceTree = "<group>"; };
		5D05886B13209A3B00D42F0A /* RouteRootViewController.h */ = {isa = PBXFileReference; fileEncoding = 4; lastKnownFileType = sourcecode.c.h; path = RouteRootViewController.h; sourceTree = "<group>"; };
		5D05886C13209A3B00D42F0A /* RouteRootViewController.xib */ = {isa = PBXFileReference; fileEncoding = 4; lastKnownFileType = file.xib; path = RouteRootViewController.xib; sourceTree = "<group>"; };
		5D05886D13209A3B00D42F0A /* RouteRootViewController.m */ = {isa = PBXFileReference; fileEncoding = 4; lastKnownFileType = sourcecode.c.objc; path = RouteRootViewController.m; sourceTree = "<group>"; };
		5D05886E13209A3B00D42F0A /* ScenicAppDelegate.h */ = {isa = PBXFileReference; fileEncoding = 4; lastKnownFileType = sourcecode.c.h; path = ScenicAppDelegate.h; sourceTree = "<group>"; };
		5D05886F13209A3B00D42F0A /* ScenicAppDelegate.m */ = {isa = PBXFileReference; fileEncoding = 4; lastKnownFileType = sourcecode.c.objc; path = ScenicAppDelegate.m; sourceTree = "<group>"; };
		5D05887013209A3B00D42F0A /* MainWindow.xib */ = {isa = PBXFileReference; fileEncoding = 4; lastKnownFileType = file.xib; path = MainWindow.xib; sourceTree = "<group>"; };
		5D05887113209A3B00D42F0A /* HistoricalRouteViewController.h */ = {isa = PBXFileReference; fileEncoding = 4; lastKnownFileType = sourcecode.c.h; path = HistoricalRouteViewController.h; sourceTree = "<group>"; };
		5D05887213209A3B00D42F0A /* HistoricalRouteViewController.m */ = {isa = PBXFileReference; fileEncoding = 4; lastKnownFileType = sourcecode.c.objc; path = HistoricalRouteViewController.m; sourceTree = "<group>"; };
		5D05887313209A3B00D42F0A /* HistoricalRouteViewController.xib */ = {isa = PBXFileReference; fileEncoding = 4; lastKnownFileType = file.xib; path = HistoricalRouteViewController.xib; sourceTree = "<group>"; };
		5D05887413209A3B00D42F0A /* RouteViewController.h */ = {isa = PBXFileReference; fileEncoding = 4; lastKnownFileType = sourcecode.c.h; path = RouteViewController.h; sourceTree = "<group>"; };
		5D05887513209A3B00D42F0A /* RouteViewController.m */ = {isa = PBXFileReference; fileEncoding = 4; lastKnownFileType = sourcecode.c.objc; path = RouteViewController.m; sourceTree = "<group>"; };
		5D05887613209A3B00D42F0A /* RouteViewController.xib */ = {isa = PBXFileReference; fileEncoding = 4; lastKnownFileType = file.xib; path = RouteViewController.xib; sourceTree = "<group>"; };
		5D05889913209A8100D42F0A /* GMapsGeolocator.h */ = {isa = PBXFileReference; fileEncoding = 4; lastKnownFileType = sourcecode.c.h; path = GMapsGeolocator.h; sourceTree = "<group>"; };
		5D05889A13209A8100D42F0A /* GMapsGeolocator.m */ = {isa = PBXFileReference; fileEncoding = 4; lastKnownFileType = sourcecode.c.objc; path = GMapsGeolocator.m; sourceTree = "<group>"; };
		5D05889C13209B8700D42F0A /* CFNetwork.framework */ = {isa = PBXFileReference; lastKnownFileType = wrapper.framework; name = CFNetwork.framework; path = System/Library/Frameworks/CFNetwork.framework; sourceTree = SDKROOT; };
		5D05889D13209B8800D42F0A /* libz.1.2.3.dylib */ = {isa = PBXFileReference; lastKnownFileType = "compiled.mach-o.dylib"; name = libz.1.2.3.dylib; path = usr/lib/libz.1.2.3.dylib; sourceTree = SDKROOT; };
		5D05889E13209B8800D42F0A /* MobileCoreServices.framework */ = {isa = PBXFileReference; lastKnownFileType = wrapper.framework; name = MobileCoreServices.framework; path = System/Library/Frameworks/MobileCoreServices.framework; sourceTree = SDKROOT; };
		5D05889F13209B8800D42F0A /* SystemConfiguration.framework */ = {isa = PBXFileReference; lastKnownFileType = wrapper.framework; name = SystemConfiguration.framework; path = System/Library/Frameworks/SystemConfiguration.framework; sourceTree = SDKROOT; };
		5D063710133E885E00BF2EF0 /* PanoramioFetcher.h */ = {isa = PBXFileReference; fileEncoding = 4; lastKnownFileType = sourcecode.c.h; path = PanoramioFetcher.h; sourceTree = "<group>"; };
		5D063711133E885E00BF2EF0 /* PanoramioFetcher.m */ = {isa = PBXFileReference; fileEncoding = 4; lastKnownFileType = sourcecode.c.objc; path = PanoramioFetcher.m; sourceTree = "<group>"; };
		5D06B8F7132F04770035260F /* ScenicRoute.h */ = {isa = PBXFileReference; fileEncoding = 4; lastKnownFileType = sourcecode.c.h; path = ScenicRoute.h; sourceTree = "<group>"; };
		5D06B8F8132F04770035260F /* ScenicRoute.m */ = {isa = PBXFileReference; fileEncoding = 4; lastKnownFileType = sourcecode.c.objc; path = ScenicRoute.m; sourceTree = "<group>"; };
		5D06B8FB1330272C0035260F /* ScenicTextContent.h */ = {isa = PBXFileReference; fileEncoding = 4; lastKnownFileType = sourcecode.c.h; path = ScenicTextContent.h; sourceTree = "<group>"; };
		5D06B8FC1330272C0035260F /* ScenicTextContent.m */ = {isa = PBXFileReference; fileEncoding = 4; lastKnownFileType = sourcecode.c.objc; path = ScenicTextContent.m; sourceTree = "<group>"; };
		5D06B8FE133038550035260F /* ScenicPolyline.h */ = {isa = PBXFileReference; fileEncoding = 4; lastKnownFileType = sourcecode.c.h; path = ScenicPolyline.h; sourceTree = "<group>"; };
		5D06B8FF1330385A0035260F /* ScenicPolyline.m */ = {isa = PBXFileReference; fileEncoding = 4; lastKnownFileType = sourcecode.c.objc; path = ScenicPolyline.m; sourceTree = "<group>"; };
		5D06B90513304FCD0035260F /* ScenicMapSelectorModel.h */ = {isa = PBXFileReference; fileEncoding = 4; lastKnownFileType = sourcecode.c.h; path = ScenicMapSelectorModel.h; sourceTree = "<group>"; };
		5D06B90613304FCD0035260F /* ScenicMapSelectorModel.m */ = {isa = PBXFileReference; fileEncoding = 4; lastKnownFileType = sourcecode.c.objc; path = ScenicMapSelectorModel.m; sourceTree = "<group>"; };
		5D1DCCCA1326A3630013BD05 /* MapKit.framework */ = {isa = PBXFileReference; lastKnownFileType = wrapper.framework; name = MapKit.framework; path = System/Library/Frameworks/MapKit.framework; sourceTree = SDKROOT; };
		5D1DCCCD1326A6A70013BD05 /* CoreLocation.framework */ = {isa = PBXFileReference; lastKnownFileType = wrapper.framework; name = CoreLocation.framework; path = System/Library/Frameworks/CoreLocation.framework; sourceTree = SDKROOT; };
		5D2FCF53132C0DB3005B08DD /* ScenicContentTextVC.h */ = {isa = PBXFileReference; fileEncoding = 4; lastKnownFileType = sourcecode.c.h; path = ScenicContentTextVC.h; sourceTree = "<group>"; };
		5D2FCF54132C0DB5005B08DD /* ScenicContentTextVC.m */ = {isa = PBXFileReference; fileEncoding = 4; lastKnownFileType = sourcecode.c.objc; path = ScenicContentTextVC.m; sourceTree = "<group>"; };
		5D2FCF59132EA2F5005B08DD /* ScenicContentTextVC.xib */ = {isa = PBXFileReference; fileEncoding = 4; lastKnownFileType = file.xib; path = ScenicContentTextVC.xib; sourceTree = "<group>"; };
		5D2FCF5B132EAA3B005B08DD /* ScenicWaypointViewController.h */ = {isa = PBXFileReference; fileEncoding = 4; lastKnownFileType = sourcecode.c.h; path = ScenicWaypointViewController.h; sourceTree = "<group>"; };
		5D2FCF5C132EAA41005B08DD /* ScenicWaypointViewController.m */ = {isa = PBXFileReference; fileEncoding = 4; lastKnownFileType = sourcecode.c.objc; path = ScenicWaypointViewController.m; sourceTree = "<group>"; };
		5D33448613464B5E0091C215 /* HistoricalRootViewController.h */ = {isa = PBXFileReference; fileEncoding = 4; lastKnownFileType = sourcecode.c.h; path = HistoricalRootViewController.h; sourceTree = "<group>"; };
		5D33448713464B5E0091C215 /* HistoricalRootViewController.m */ = {isa = PBXFileReference; fileEncoding = 4; lastKnownFileType = sourcecode.c.objc; path = HistoricalRootViewController.m; sourceTree = "<group>"; };
		5D33448813464B5E0091C215 /* HistoricalRootViewController.xib */ = {isa = PBXFileReference; fileEncoding = 4; lastKnownFileType = file.xib; path = HistoricalRootViewController.xib; sourceTree = "<group>"; };
		5D3BE3921343F79200534241 /* UserPhotoContent.h */ = {isa = PBXFileReference; fileEncoding = 4; lastKnownFileType = sourcecode.c.h; path = UserPhotoContent.h; sourceTree = "<group>"; };
		5D3BE3931343F79200534241 /* UserPhotoContent.m */ = {isa = PBXFileReference; fileEncoding = 4; lastKnownFileType = sourcecode.c.objc; path = UserPhotoContent.m; sourceTree = "<group>"; };
		5D3BE3951344152A00534241 /* CDUserContent.h */ = {isa = PBXFileReference; fileEncoding = 4; lastKnownFileType = sourcecode.c.h; path = CDUserContent.h; sourceTree = "<group>"; };
		5D3BE3961344152A00534241 /* CDUserContent.m */ = {isa = PBXFileReference; fileEncoding = 4; lastKnownFileType = sourcecode.c.objc; path = CDUserContent.m; sourceTree = "<group>"; };
		5D490DC913297B40006905A9 /* ScenicServerFetcher.h */ = {isa = PBXFileReference; fileEncoding = 4; lastKnownFileType = sourcecode.c.h; path = ScenicServerFetcher.h; sourceTree = "<group>"; };
		5D490DCA13297B41006905A9 /* ScenicServerFetcher.m */ = {isa = PBXFileReference; fileEncoding = 4; lastKnownFileType = sourcecode.c.objc; path = ScenicServerFetcher.m; sourceTree = "<group>"; };
		5D490DCC13298349006905A9 /* PanoramioPicFetcher.h */ = {isa = PBXFileReference; fileEncoding = 4; lastKnownFileType = sourcecode.c.h; path = PanoramioPicFetcher.h; sourceTree = "<group>"; };
		5D490DCD1329834A006905A9 /* PanoramioPicFetcher.m */ = {isa = PBXFileReference; fileEncoding = 4; lastKnownFileType = sourcecode.c.objc; path = PanoramioPicFetcher.m; sourceTree = "<group>"; };
		5D490DCF132985DC006905A9 /* ScenicParkFetcher.h */ = {isa = PBXFileReference; fileEncoding = 4; lastKnownFileType = sourcecode.c.h; path = ScenicParkFetcher.h; sourceTree = "<group>"; };
		5D490DD0132985DE006905A9 /* ScenicParkFetcher.m */ = {isa = PBXFileReference; fileEncoding = 4; lastKnownFileType = sourcecode.c.objc; path = ScenicParkFetcher.m; sourceTree = "<group>"; };
		5D490DD213298691006905A9 /* YelpFetcher.h */ = {isa = PBXFileReference; fileEncoding = 4; lastKnownFileType = sourcecode.c.h; path = YelpFetcher.h; sourceTree = "<group>"; };
		5D490DD313298691006905A9 /* YelpFetcher.m */ = {isa = PBXFileReference; fileEncoding = 4; lastKnownFileType = sourcecode.c.objc; path = YelpFetcher.m; sourceTree = "<group>"; };
		5D718D8313398AD000E5DAEF /* ScenicMapView.h */ = {isa = PBXFileReference; fileEncoding = 4; lastKnownFileType = sourcecode.c.h; path = ScenicMapView.h; sourceTree = "<group>"; };
		5D718D8413398AD000E5DAEF /* ScenicMapView.m */ = {isa = PBXFileReference; fileEncoding = 4; lastKnownFileType = sourcecode.c.objc; path = ScenicMapView.m; sourceTree = "<group>"; };
		5D718D87133993FA00E5DAEF /* WildcardGestureRecognizer.h */ = {isa = PBXFileReference; fileEncoding = 4; lastKnownFileType = sourcecode.c.h; path = WildcardGestureRecognizer.h; sourceTree = "<group>"; };
		5D718D88133993FA00E5DAEF /* WildcardGestureRecognizer.m */ = {isa = PBXFileReference; fileEncoding = 4; lastKnownFileType = sourcecode.c.objc; path = WildcardGestureRecognizer.m; sourceTree = "<group>"; };
		5D8AAD5A1343A62400007FD9 /* CoreData.framework */ = {isa = PBXFileReference; lastKnownFileType = wrapper.framework; name = CoreData.framework; path = System/Library/Frameworks/CoreData.framework; sourceTree = SDKROOT; };
		5D8AAE041343B37100007FD9 /* Scenic.xcdatamodel */ = {isa = PBXFileReference; lastKnownFileType = wrapper.xcdatamodel; path = Scenic.xcdatamodel; sourceTree = "<group>"; };
		5D99EF0A1340E99900E1412E /* ScenicTripViewController.h */ = {isa = PBXFileReference; fileEncoding = 4; lastKnownFileType = sourcecode.c.h; path = ScenicTripViewController.h; sourceTree = "<group>"; };
		5D99EF0B1340E99900E1412E /* ScenicTripViewController.m */ = {isa = PBXFileReference; fileEncoding = 4; lastKnownFileType = sourcecode.c.objc; path = ScenicTripViewController.m; sourceTree = "<group>"; };
		5D99EF0C1340E99900E1412E /* ScenicTripViewController.xib */ = {isa = PBXFileReference; fileEncoding = 4; lastKnownFileType = file.xib; path = ScenicTripViewController.xib; sourceTree = "<group>"; };
		5D99EF0F1340EBDA00E1412E /* ScenicTripModel.h */ = {isa = PBXFileReference; fileEncoding = 4; lastKnownFileType = sourcecode.c.h; path = ScenicTripModel.h; sourceTree = "<group>"; };
		5D99EF101340EBDA00E1412E /* ScenicTripModel.m */ = {isa = PBXFileReference; fileEncoding = 4; lastKnownFileType = sourcecode.c.objc; path = ScenicTripModel.m; sourceTree = "<group>"; };
		5DBF2BB0132ED72F004C1F90 /* add-28.png */ = {isa = PBXFileReference; lastKnownFileType = image.png; path = "add-28.png"; sourceTree = "<group>"; };
		5DCB3F6D1343B5D5006CF30B /* CDRoute.h */ = {isa = PBXFileReference; fileEncoding = 4; lastKnownFileType = sourcecode.c.h; path = CDRoute.h; sourceTree = "<group>"; };
		5DCB3F6E1343B5D5006CF30B /* CDRoute.m */ = {isa = PBXFileReference; fileEncoding = 4; lastKnownFileType = sourcecode.c.objc; path = CDRoute.m; sourceTree = "<group>"; };
		5DCB3F711343D920006CF30B /* CDHelper.h */ = {isa = PBXFileReference; fileEncoding = 4; lastKnownFileType = sourcecode.c.h; path = CDHelper.h; sourceTree = "<group>"; };
		5DCB3F721343D920006CF30B /* CDHelper.m */ = {isa = PBXFileReference; fileEncoding = 4; lastKnownFileType = sourcecode.c.objc; path = CDHelper.m; sourceTree = "<group>"; };
		5DCF17D11320A33100D19D04 /* GMapsRoute.h */ = {isa = PBXFileReference; fileEncoding = 4; lastKnownFileType = sourcecode.c.h; path = GMapsRoute.h; sourceTree = "<group>"; };
		5DCF17D21320A33100D19D04 /* GMapsRoute.m */ = {isa = PBXFileReference; fileEncoding = 4; lastKnownFileType = sourcecode.c.objc; path = GMapsRoute.m; sourceTree = "<group>"; };
		5DCF17D51320A47400D19D04 /* GMapsLeg.h */ = {isa = PBXFileReference; fileEncoding = 4; lastKnownFileType = sourcecode.c.h; path = GMapsLeg.h; sourceTree = "<group>"; };
		5DCF17D61320A47400D19D04 /* GMapsLeg.m */ = {isa = PBXFileReference; fileEncoding = 4; lastKnownFileType = sourcecode.c.objc; path = GMapsLeg.m; sourceTree = "<group>"; };
		5DE4663C133BEFF10095385F /* remove.png */ = {isa = PBXFileReference; lastKnownFileType = image.png; path = remove.png; sourceTree = "<group>"; };
		AA3A913E1329E45300894C16 /* TableCell.h */ = {isa = PBXFileReference; fileEncoding = 4; lastKnownFileType = sourcecode.c.h; path = TableCell.h; sourceTree = "<group>"; };
		AA3A913F1329E45300894C16 /* TableCell.m */ = {isa = PBXFileReference; fileEncoding = 4; lastKnownFileType = sourcecode.c.objc; path = TableCell.m; sourceTree = "<group>"; };
		AACD9563132A8B0B00855892 /* 103-map.png */ = {isa = PBXFileReference; lastKnownFileType = image.png; path = "103-map.png"; sourceTree = "<group>"; };
		AACD9564132A8B0B00855892 /* 29-heart.png */ = {isa = PBXFileReference; lastKnownFileType = image.png; path = "29-heart.png"; sourceTree = "<group>"; };
		AACD9565132A8B0B00855892 /* dest.png */ = {isa = PBXFileReference; lastKnownFileType = image.png; path = dest.png; sourceTree = "<group>"; };
		AACD9566132A8B0B00855892 /* location.png */ = {isa = PBXFileReference; lastKnownFileType = image.png; path = location.png; sourceTree = "<group>"; };
		AAEB6998132B2ADC0013B172 /* GeoHash.h */ = {isa = PBXFileReference; fileEncoding = 4; lastKnownFileType = sourcecode.c.h; path = GeoHash.h; sourceTree = "<group>"; };
		AAEB6999132B2ADC0013B172 /* GeoHash.m */ = {isa = PBXFileReference; fileEncoding = 4; lastKnownFileType = sourcecode.c.objc; path = GeoHash.m; sourceTree = "<group>"; };
/* End PBXFileReference section */

/* Begin PBXFrameworksBuildPhase section */
		5D0587E5132098C500D42F0A /* Frameworks */ = {
			isa = PBXFrameworksBuildPhase;
			buildActionMask = 2147483647;
			files = (
				5D8AAD5B1343A62400007FD9 /* CoreData.framework in Frameworks */,
				5D1DCCCE1326A6A80013BD05 /* CoreLocation.framework in Frameworks */,
				5D1DCCCB1326A3630013BD05 /* MapKit.framework in Frameworks */,
				5D0588A013209B8800D42F0A /* CFNetwork.framework in Frameworks */,
				5D0588A113209B8800D42F0A /* libz.1.2.3.dylib in Frameworks */,
				5D0588A213209B8800D42F0A /* MobileCoreServices.framework in Frameworks */,
				5D0588A313209B8800D42F0A /* SystemConfiguration.framework in Frameworks */,
				5D0587ED132098C500D42F0A /* UIKit.framework in Frameworks */,
				5D0587EF132098C500D42F0A /* Foundation.framework in Frameworks */,
				5D0587F1132098C500D42F0A /* CoreGraphics.framework in Frameworks */,
			);
			runOnlyForDeploymentPostprocessing = 0;
		};
		5D05880E132098C500D42F0A /* Frameworks */ = {
			isa = PBXFrameworksBuildPhase;
			buildActionMask = 2147483647;
			files = (
				5D058813132098C500D42F0A /* UIKit.framework in Frameworks */,
				5D058814132098C500D42F0A /* Foundation.framework in Frameworks */,
				5D058815132098C500D42F0A /* CoreGraphics.framework in Frameworks */,
			);
			runOnlyForDeploymentPostprocessing = 0;
		};
/* End PBXFrameworksBuildPhase section */

/* Begin PBXGroup section */
		5D017AA213219D8300B8EA6A /* Routing And Map Objects */ = {
			isa = PBXGroup;
			children = (
				5D05883B13209A3B00D42F0A /* GMapsGeolocation.h */,
				5D05883C13209A3B00D42F0A /* GMapsGeolocation.m */,
				5DCF17D11320A33100D19D04 /* GMapsRoute.h */,
				5DCF17D21320A33100D19D04 /* GMapsRoute.m */,
				5DCF17D51320A47400D19D04 /* GMapsLeg.h */,
				5DCF17D61320A47400D19D04 /* GMapsLeg.m */,
				5D017A921321827900B8EA6A /* GMapsPolyline.h */,
				5D017A931321827A00B8EA6A /* GMapsPolyline.m */,
				5D017A96132182A200B8EA6A /* GMapsBounds.h */,
				5D017A97132182A300B8EA6A /* GMapsBounds.m */,
				5D017A9C13218A3000B8EA6A /* GMapsStep.h */,
				5D017A9D13218A3100B8EA6A /* GMapsStep.m */,
				5D017A9F1321965200B8EA6A /* GMapsCoordinate.h */,
				5D017AA01321965500B8EA6A /* GMapsCoordinate.m */,
				5D06B8F7132F04770035260F /* ScenicRoute.h */,
				5D06B8F8132F04770035260F /* ScenicRoute.m */,
				5D06B8FE133038550035260F /* ScenicPolyline.h */,
				5D06B8FF1330385A0035260F /* ScenicPolyline.m */,
				5D718D8313398AD000E5DAEF /* ScenicMapView.h */,
				5D718D8413398AD000E5DAEF /* ScenicMapView.m */,
			);
			name = "Routing And Map Objects";
			sourceTree = "<group>";
		};
		5D017AA313219E3500B8EA6A /* Networking */ = {
			isa = PBXGroup;
			children = (
				5D05883513209A3B00D42F0A /* JSONFetcher.h */,
				5D05883613209A3B00D42F0A /* JSONFetcher.m */,
				5D05883D13209A3B00D42F0A /* ASIAuthenticationDialog.h */,
				5D05883E13209A3B00D42F0A /* ASIAuthenticationDialog.m */,
				5D05883F13209A3B00D42F0A /* ASICacheDelegate.h */,
				5D05884013209A3B00D42F0A /* ASIDataCompressor.h */,
				5D05884113209A3B00D42F0A /* ASIDataCompressor.m */,
				5D05884213209A3B00D42F0A /* ASIDataDecompressor.h */,
				5D05884313209A3B00D42F0A /* ASIDataDecompressor.m */,
				5D05884413209A3B00D42F0A /* ASIDownloadCache.h */,
				5D05884513209A3B00D42F0A /* ASIDownloadCache.m */,
				5D05884613209A3B00D42F0A /* ASIFormDataRequest.h */,
				5D05884713209A3B00D42F0A /* ASIFormDataRequest.m */,
				5D05884813209A3B00D42F0A /* ASIHTTPRequest.h */,
				5D05884913209A3B00D42F0A /* ASIHTTPRequest.m */,
				5D05884A13209A3B00D42F0A /* ASIHTTPRequestConfig.h */,
				5D05884B13209A3B00D42F0A /* ASIHTTPRequestDelegate.h */,
				5D05884C13209A3B00D42F0A /* ASIInputStream.h */,
				5D05884D13209A3B00D42F0A /* ASIInputStream.m */,
				5D05884E13209A3B00D42F0A /* ASINetworkQueue.h */,
				5D05884F13209A3B00D42F0A /* ASINetworkQueue.m */,
				5D05885013209A3B00D42F0A /* ASIProgressDelegate.h */,
				5D05885113209A3B00D42F0A /* Reachability.h */,
				5D05885213209A3B00D42F0A /* Reachability.m */,
				5D05885313209A3B00D42F0A /* strict.xcconfig */,
				5D05885413209A3B00D42F0A /* CDataScanner.h */,
				5D05885513209A3B00D42F0A /* CDataScanner.m */,
				5D05885613209A3B00D42F0A /* CFilteringJSONSerializer.h */,
				5D05885713209A3B00D42F0A /* CFilteringJSONSerializer.m */,
				5D05885813209A3B00D42F0A /* CJSONDeserializer_BlocksExtensions.h */,
				5D05885913209A3B00D42F0A /* CJSONDeserializer_BlocksExtensions.m */,
				5D05885A13209A3B00D42F0A /* CJSONSerializedData.h */,
				5D05885B13209A3B00D42F0A /* CJSONSerializedData.m */,
				5D05885C13209A3B00D42F0A /* CDataScanner_Extensions.h */,
				5D05885D13209A3B00D42F0A /* CDataScanner_Extensions.m */,
				5D05885E13209A3B00D42F0A /* NSDictionary_JSONExtensions.h */,
				5D05885F13209A3B00D42F0A /* NSDictionary_JSONExtensions.m */,
				5D05886013209A3B00D42F0A /* CJSONDeserializer.h */,
				5D05886113209A3B00D42F0A /* CJSONDeserializer.m */,
				5D05886213209A3B00D42F0A /* CJSONScanner.h */,
				5D05886313209A3B00D42F0A /* CJSONScanner.m */,
				5D05886413209A3B00D42F0A /* CJSONSerializer.h */,
				5D05886513209A3B00D42F0A /* CJSONSerializer.m */,
				5D05886613209A3B00D42F0A /* JSONRepresentation.h */,
			);
			name = Networking;
			sourceTree = "<group>";
		};
		5D017AA41321A02C00B8EA6A /* Fetchers */ = {
			isa = PBXGroup;
			children = (
				5D05883713209A3B00D42F0A /* GMapsRouter.h */,
				5D063710133E885E00BF2EF0 /* PanoramioFetcher.h */,
				5D063711133E885E00BF2EF0 /* PanoramioFetcher.m */,
				5D05883813209A3B00D42F0A /* GMapsRouter.m */,
				5D05889913209A8100D42F0A /* GMapsGeolocator.h */,
				5D05889A13209A8100D42F0A /* GMapsGeolocator.m */,
				5D05883913209A3B00D42F0A /* DataFetcher.h */,
				5D05883A13209A3B00D42F0A /* DataFetcher.m */,
				5D490DC913297B40006905A9 /* ScenicServerFetcher.h */,
				5D490DCA13297B41006905A9 /* ScenicServerFetcher.m */,
				5D490DCC13298349006905A9 /* PanoramioPicFetcher.h */,
				5D490DCD1329834A006905A9 /* PanoramioPicFetcher.m */,
				5D490DCF132985DC006905A9 /* ScenicParkFetcher.h */,
				5D490DD0132985DE006905A9 /* ScenicParkFetcher.m */,
				5D490DD213298691006905A9 /* YelpFetcher.h */,
				5D490DD313298691006905A9 /* YelpFetcher.m */,
			);
			name = Fetchers;
			sourceTree = "<group>";
		};
		5D017AA51321A04E00B8EA6A /* Xibs */ = {
			isa = PBXGroup;
			children = (
				5D99EF0C1340E99900E1412E /* ScenicTripViewController.xib */,
				5D017ABF13257C9400B8EA6A /* ScenicContentDisplayViewController.xib */,
				5D017AB013255D3600B8EA6A /* ScenicContentViewController.xib */,
				5D05886C13209A3B00D42F0A /* RouteRootViewController.xib */,
				5D05887013209A3B00D42F0A /* MainWindow.xib */,
				5D05887313209A3B00D42F0A /* HistoricalRouteViewController.xib */,
				5D05887613209A3B00D42F0A /* RouteViewController.xib */,
				5D017AC91325A4EE00B8EA6A /* ScenicMapViewController.xib */,
				5D2FCF59132EA2F5005B08DD /* ScenicContentTextVC.xib */,
				5D33448813464B5E0091C215 /* HistoricalRootViewController.xib */,
			);
			name = Xibs;
			sourceTree = "<group>";
		};
		5D017AA61321A05700B8EA6A /* Controllers */ = {
			isa = PBXGroup;
			children = (
				5D05886B13209A3B00D42F0A /* RouteRootViewController.h */,
				5D33448613464B5E0091C215 /* HistoricalRootViewController.h */,
				5D33448713464B5E0091C215 /* HistoricalRootViewController.m */,
				5D05886D13209A3B00D42F0A /* RouteRootViewController.m */,
				5D05886E13209A3B00D42F0A /* ScenicAppDelegate.h */,
				5D017AC71325A4EB00B8EA6A /* ScenicMapViewController.h */,
				5D017AC81325A4EC00B8EA6A /* ScenicMapViewController.m */,
				5D05886F13209A3B00D42F0A /* ScenicAppDelegate.m */,
				5D05887113209A3B00D42F0A /* HistoricalRouteViewController.h */,
				5D05887213209A3B00D42F0A /* HistoricalRouteViewController.m */,
				5D05887513209A3B00D42F0A /* RouteViewController.m */,
				5D05887413209A3B00D42F0A /* RouteViewController.h */,
				5D99EF0A1340E99900E1412E /* ScenicTripViewController.h */,
				5D99EF0B1340E99900E1412E /* ScenicTripViewController.m */,
			);
			name = Controllers;
			sourceTree = "<group>";
		};
		5D017AA71321A05F00B8EA6A /* Additional */ = {
			isa = PBXGroup;
			children = (
				AA3A913E1329E45300894C16 /* TableCell.h */,
				AA3A913F1329E45300894C16 /* TableCell.m */,
				5D05886713209A3B00D42F0A /* Scenic-Info.plist */,
				5D05886813209A3B00D42F0A /* InfoPlist.strings */,
				5D05886913209A3B00D42F0A /* Scenic-Prefix.pch */,
				5D05886A13209A3B00D42F0A /* main.m */,
				5D718D87133993FA00E5DAEF /* WildcardGestureRecognizer.h */,
				5D718D88133993FA00E5DAEF /* WildcardGestureRecognizer.m */,
			);
			name = Additional;
			sourceTree = "<group>";
		};
		5D017AAB13255C1B00B8EA6A /* Scenic Content */ = {
			isa = PBXGroup;
			children = (
				5D017AA813255B5D00B8EA6A /* ScenicContent.h */,
				5D017AA913255B5E00B8EA6A /* ScenicContent.m */,
				5D017AAE13255D3600B8EA6A /* ScenicContentViewController.h */,
				5D017AAF13255D3600B8EA6A /* ScenicContentViewController.m */,
				5D017AB91325635300B8EA6A /* ScenicContentProvider.h */,
				5D017ABA132564B700B8EA6A /* PanoramioContent.h */,
				5D017ABB132564BA00B8EA6A /* PanoramioContent.m */,
				5D017ABD13257C8D00B8EA6A /* ScenicContentDisplayViewController.h */,
				5D017ABE13257C8F00B8EA6A /* ScenicContentDisplayViewController.m */,
				5D2FCF53132C0DB3005B08DD /* ScenicContentTextVC.h */,
				5D2FCF54132C0DB5005B08DD /* ScenicContentTextVC.m */,
				5D2FCF5B132EAA3B005B08DD /* ScenicWaypointViewController.h */,
				5D2FCF5C132EAA41005B08DD /* ScenicWaypointViewController.m */,
				5D06B8FB1330272C0035260F /* ScenicTextContent.h */,
				5D06B8FC1330272C0035260F /* ScenicTextContent.m */,
				5D3BE3921343F79200534241 /* UserPhotoContent.h */,
				5D3BE3931343F79200534241 /* UserPhotoContent.m */,
			);
			name = "Scenic Content";
			sourceTree = "<group>";
		};
		5D0587DD132098C400D42F0A = {
			isa = PBXGroup;
			children = (
				AA3A91311329DC5400894C16 /* Resources */,
				5D0587F2132098C500D42F0A /* Scenic */,
				5D058818132098C500D42F0A /* ScenicTests */,
				5D0587EB132098C500D42F0A /* Frameworks */,
				5D0587E9132098C500D42F0A /* Products */,
			);
			sourceTree = "<group>";
		};
		5D0587E9132098C500D42F0A /* Products */ = {
			isa = PBXGroup;
			children = (
				5D0587E8132098C500D42F0A /* Scenic.app */,
				5D058812132098C500D42F0A /* ScenicTests.octest */,
			);
			name = Products;
			sourceTree = "<group>";
		};
		5D0587EB132098C500D42F0A /* Frameworks */ = {
			isa = PBXGroup;
			children = (
				5D8AAD5A1343A62400007FD9 /* CoreData.framework */,
				5D1DCCCD1326A6A70013BD05 /* CoreLocation.framework */,
				5D1DCCCA1326A3630013BD05 /* MapKit.framework */,
				5D05889C13209B8700D42F0A /* CFNetwork.framework */,
				5D05889D13209B8800D42F0A /* libz.1.2.3.dylib */,
				5D05889E13209B8800D42F0A /* MobileCoreServices.framework */,
				5D05889F13209B8800D42F0A /* SystemConfiguration.framework */,
				5D0587EC132098C500D42F0A /* UIKit.framework */,
				5D0587EE132098C500D42F0A /* Foundation.framework */,
				5D0587F0132098C500D42F0A /* CoreGraphics.framework */,
			);
			name = Frameworks;
			sourceTree = "<group>";
		};
		5D0587F2132098C500D42F0A /* Scenic */ = {
			isa = PBXGroup;
			children = (
				5DCB3F701343D8F8006CF30B /* Helpers */,
				5D06B90413304F9F0035260F /* Models */,
				AAEB6997132B2AB20013B172 /* GeoHash */,
				AAEB698A132AF2810013B172 /* Annotations */,
				5D017AAB13255C1B00B8EA6A /* Scenic Content */,
				5D017AA71321A05F00B8EA6A /* Additional */,
				5D017AA61321A05700B8EA6A /* Controllers */,
				5D017AA51321A04E00B8EA6A /* Xibs */,
				5D017AA313219E3500B8EA6A /* Networking */,
				5D017AA41321A02C00B8EA6A /* Fetchers */,
				5D017AA213219D8300B8EA6A /* Routing And Map Objects */,
			);
			path = Scenic;
			sourceTree = "<group>";
		};
		5D058818132098C500D42F0A /* ScenicTests */ = {
			isa = PBXGroup;
			children = (
				5D05881F132098C500D42F0A /* ScenicTests.h */,
				5D058821132098C500D42F0A /* ScenicTests.m */,
				5D058819132098C500D42F0A /* Supporting Files */,
			);
			path = ScenicTests;
			sourceTree = "<group>";
		};
		5D058819132098C500D42F0A /* Supporting Files */ = {
			isa = PBXGroup;
			children = (
				5D05881A132098C500D42F0A /* ScenicTests-Info.plist */,
				5D05881B132098C500D42F0A /* InfoPlist.strings */,
				5D05881E132098C500D42F0A /* ScenicTests-Prefix.pch */,
			);
			name = "Supporting Files";
			sourceTree = "<group>";
		};
		5D06B90413304F9F0035260F /* Models */ = {
			isa = PBXGroup;
			children = (
				5D06B90513304FCD0035260F /* ScenicMapSelectorModel.h */,
				5D06B90613304FCD0035260F /* ScenicMapSelectorModel.m */,
				5D99EF0F1340EBDA00E1412E /* ScenicTripModel.h */,
				5D99EF101340EBDA00E1412E /* ScenicTripModel.m */,
				5D8AAE031343B37100007FD9 /* Scenic.xcdatamodeld */,
				5D3BE3951344152A00534241 /* CDUserContent.h */,
				5D3BE3961344152A00534241 /* CDUserContent.m */,
				5DCB3F6D1343B5D5006CF30B /* CDRoute.h */,
				5DCB3F6E1343B5D5006CF30B /* CDRoute.m */,
			);
			name = Models;
			sourceTree = "<group>";
		};
		5DCB3F701343D8F8006CF30B /* Helpers */ = {
			isa = PBXGroup;
			children = (
				5DCB3F711343D920006CF30B /* CDHelper.h */,
				5DCB3F721343D920006CF30B /* CDHelper.m */,
			);
			name = Helpers;
			sourceTree = "<group>";
		};
		AA3A91311329DC5400894C16 /* Resources */ = {
			isa = PBXGroup;
			children = (
				AACD9562132A8B0B00855892 /* images */,
			);
			name = Resources;
			sourceTree = "<group>";
		};
		AACD9562132A8B0B00855892 /* images */ = {
			isa = PBXGroup;
			children = (
				5DE4663C133BEFF10095385F /* remove.png */,
				5DBF2BB0132ED72F004C1F90 /* add-28.png */,
				AACD9563132A8B0B00855892 /* 103-map.png */,
				AACD9564132A8B0B00855892 /* 29-heart.png */,
				AACD9565132A8B0B00855892 /* dest.png */,
				AACD9566132A8B0B00855892 /* location.png */,
			);
			path = images;
			sourceTree = "<group>";
		};
		AAEB698A132AF2810013B172 /* Annotations */ = {
			isa = PBXGroup;
			children = (
			);
			name = Annotations;
			sourceTree = "<group>";
		};
		AAEB6997132B2AB20013B172 /* GeoHash */ = {
			isa = PBXGroup;
			children = (
				AAEB6998132B2ADC0013B172 /* GeoHash.h */,
				AAEB6999132B2ADC0013B172 /* GeoHash.m */,
			);
			name = GeoHash;
			sourceTree = "<group>";
		};
/* End PBXGroup section */

/* Begin PBXNativeTarget section */
		5D0587E7132098C500D42F0A /* Scenic */ = {
			isa = PBXNativeTarget;
			buildConfigurationList = 5D058825132098C500D42F0A /* Build configuration list for PBXNativeTarget "Scenic" */;
			buildPhases = (
				5D0587E4132098C500D42F0A /* Sources */,
				5D0587E5132098C500D42F0A /* Frameworks */,
				5D0587E6132098C500D42F0A /* Resources */,
			);
			buildRules = (
			);
			dependencies = (
			);
			name = Scenic;
			productName = Scenic;
			productReference = 5D0587E8132098C500D42F0A /* Scenic.app */;
			productType = "com.apple.product-type.application";
		};
		5D058811132098C500D42F0A /* ScenicTests */ = {
			isa = PBXNativeTarget;
			buildConfigurationList = 5D058828132098C500D42F0A /* Build configuration list for PBXNativeTarget "ScenicTests" */;
			buildPhases = (
				5D05880D132098C500D42F0A /* Sources */,
				5D05880E132098C500D42F0A /* Frameworks */,
				5D05880F132098C500D42F0A /* Resources */,
				5D058810132098C500D42F0A /* ShellScript */,
			);
			buildRules = (
			);
			dependencies = (
				5D058817132098C500D42F0A /* PBXTargetDependency */,
			);
			name = ScenicTests;
			productName = ScenicTests;
			productReference = 5D058812132098C500D42F0A /* ScenicTests.octest */;
			productType = "com.apple.product-type.bundle";
		};
/* End PBXNativeTarget section */

/* Begin PBXProject section */
		5D0587DF132098C400D42F0A /* Project object */ = {
			isa = PBXProject;
			attributes = {
				ORGANIZATIONNAME = "UC Berkeley";
			};
			buildConfigurationList = 5D0587E2132098C400D42F0A /* Build configuration list for PBXProject "Scenic" */;
			compatibilityVersion = "Xcode 3.2";
			developmentRegion = English;
			hasScannedForEncodings = 0;
			knownRegions = (
				en,
			);
			mainGroup = 5D0587DD132098C400D42F0A;
			productRefGroup = 5D0587E9132098C500D42F0A /* Products */;
			projectDirPath = "";
			projectRoot = "";
			targets = (
				5D0587E7132098C500D42F0A /* Scenic */,
				5D058811132098C500D42F0A /* ScenicTests */,
			);
		};
/* End PBXProject section */

/* Begin PBXResourcesBuildPhase section */
		5D0587E6132098C500D42F0A /* Resources */ = {
			isa = PBXResourcesBuildPhase;
			buildActionMask = 2147483647;
			files = (
				5D05888413209A3B00D42F0A /* strict.xcconfig in Resources */,
				5D05888F13209A3B00D42F0A /* InfoPlist.strings in Resources */,
				5D05889113209A3B00D42F0A /* RouteRootViewController.xib in Resources */,
				5D05889413209A3B00D42F0A /* MainWindow.xib in Resources */,
				5D05889613209A3B00D42F0A /* HistoricalRouteViewController.xib in Resources */,
				5D05889813209A3B00D42F0A /* RouteViewController.xib in Resources */,
				5D017AB213255D3700B8EA6A /* ScenicContentViewController.xib in Resources */,
				5D017AC113257C9B00B8EA6A /* ScenicContentDisplayViewController.xib in Resources */,
				5D017ACB1325A4F200B8EA6A /* ScenicMapViewController.xib in Resources */,
				AACD9567132A8B0B00855892 /* 103-map.png in Resources */,
				AACD9568132A8B0B00855892 /* 29-heart.png in Resources */,
				AACD9569132A8B0B00855892 /* dest.png in Resources */,
				AACD956A132A8B0B00855892 /* location.png in Resources */,
				5D2FCF5A132EA2F5005B08DD /* ScenicContentTextVC.xib in Resources */,
				5DBF2BB1132ED72F004C1F90 /* add-28.png in Resources */,
				5DE4663D133BEFF10095385F /* remove.png in Resources */,
				5D99EF0E1340E99900E1412E /* ScenicTripViewController.xib in Resources */,
				5D33448A13464B5E0091C215 /* HistoricalRootViewController.xib in Resources */,
			);
			runOnlyForDeploymentPostprocessing = 0;
		};
		5D05880F132098C500D42F0A /* Resources */ = {
			isa = PBXResourcesBuildPhase;
			buildActionMask = 2147483647;
			files = (
				5D05881D132098C500D42F0A /* InfoPlist.strings in Resources */,
				5D058820132098C500D42F0A /* ScenicTests.h in Resources */,
			);
			runOnlyForDeploymentPostprocessing = 0;
		};
/* End PBXResourcesBuildPhase section */

/* Begin PBXShellScriptBuildPhase section */
		5D058810132098C500D42F0A /* ShellScript */ = {
			isa = PBXShellScriptBuildPhase;
			buildActionMask = 2147483647;
			files = (
			);
			inputPaths = (
			);
			outputPaths = (
			);
			runOnlyForDeploymentPostprocessing = 0;
			shellPath = /bin/sh;
			shellScript = "# Run the unit tests in this test bundle.\n\"${SYSTEM_DEVELOPER_DIR}/Tools/RunUnitTests\"\n";
		};
/* End PBXShellScriptBuildPhase section */

/* Begin PBXSourcesBuildPhase section */
		5D0587E4132098C500D42F0A /* Sources */ = {
			isa = PBXSourcesBuildPhase;
			buildActionMask = 2147483647;
			files = (
				5D05887713209A3B00D42F0A /* JSONFetcher.m in Sources */,
				5D05887813209A3B00D42F0A /* GMapsRouter.m in Sources */,
				5D05887913209A3B00D42F0A /* DataFetcher.m in Sources */,
				5D05887A13209A3B00D42F0A /* GMapsGeolocation.m in Sources */,
				5D05887B13209A3B00D42F0A /* ASIAuthenticationDialog.m in Sources */,
				5D05887C13209A3B00D42F0A /* ASIDataCompressor.m in Sources */,
				5D05887D13209A3B00D42F0A /* ASIDataDecompressor.m in Sources */,
				5D05887E13209A3B00D42F0A /* ASIDownloadCache.m in Sources */,
				5D05887F13209A3B00D42F0A /* ASIFormDataRequest.m in Sources */,
				5D05888013209A3B00D42F0A /* ASIHTTPRequest.m in Sources */,
				5D05888113209A3B00D42F0A /* ASIInputStream.m in Sources */,
				5D05888213209A3B00D42F0A /* ASINetworkQueue.m in Sources */,
				5D05888313209A3B00D42F0A /* Reachability.m in Sources */,
				5D05888513209A3B00D42F0A /* CDataScanner.m in Sources */,
				5D05888613209A3B00D42F0A /* CFilteringJSONSerializer.m in Sources */,
				5D05888713209A3B00D42F0A /* CJSONDeserializer_BlocksExtensions.m in Sources */,
				5D05888813209A3B00D42F0A /* CJSONSerializedData.m in Sources */,
				5D05888913209A3B00D42F0A /* CDataScanner_Extensions.m in Sources */,
				5D05888A13209A3B00D42F0A /* NSDictionary_JSONExtensions.m in Sources */,
				5D05888B13209A3B00D42F0A /* CJSONDeserializer.m in Sources */,
				5D05888C13209A3B00D42F0A /* CJSONScanner.m in Sources */,
				5D05888D13209A3B00D42F0A /* CJSONSerializer.m in Sources */,
				5D05889013209A3B00D42F0A /* main.m in Sources */,
				5D05889213209A3B00D42F0A /* RouteRootViewController.m in Sources */,
				5D05889313209A3B00D42F0A /* ScenicAppDelegate.m in Sources */,
				5D05889513209A3B00D42F0A /* HistoricalRouteViewController.m in Sources */,
				5D05889713209A3B00D42F0A /* RouteViewController.m in Sources */,
				5D05889B13209A8100D42F0A /* GMapsGeolocator.m in Sources */,
				5DCF17D31320A33100D19D04 /* GMapsRoute.m in Sources */,
				5DCF17D71320A47400D19D04 /* GMapsLeg.m in Sources */,
				5D017A941321827A00B8EA6A /* GMapsPolyline.m in Sources */,
				5D017A98132182A300B8EA6A /* GMapsBounds.m in Sources */,
				5D017A9E13218A3300B8EA6A /* GMapsStep.m in Sources */,
				5D017AA11321965A00B8EA6A /* GMapsCoordinate.m in Sources */,
				5D017AAA13255B5E00B8EA6A /* ScenicContent.m in Sources */,
				5D017AB113255D3700B8EA6A /* ScenicContentViewController.m in Sources */,
				5D017ABC132564C000B8EA6A /* PanoramioContent.m in Sources */,
				5D017AC013257C9B00B8EA6A /* ScenicContentDisplayViewController.m in Sources */,
				5D017ACA1325A4F200B8EA6A /* ScenicMapViewController.m in Sources */,
				5D490DCB13297B43006905A9 /* ScenicServerFetcher.m in Sources */,
				5D490DCE1329834B006905A9 /* PanoramioPicFetcher.m in Sources */,
				5D490DD1132985E0006905A9 /* ScenicParkFetcher.m in Sources */,
				5D490DD413298693006905A9 /* YelpFetcher.m in Sources */,
				AA3A91401329E45300894C16 /* TableCell.m in Sources */,
				AAEB699A132B2ADC0013B172 /* GeoHash.m in Sources */,
				5D2FCF56132C0DC7005B08DD /* ScenicContentTextVC.m in Sources */,
				5D2FCF5D132EAA48005B08DD /* ScenicWaypointViewController.m in Sources */,
				5D06B8F9132F04770035260F /* ScenicRoute.m in Sources */,
				5D06B8FD1330272D0035260F /* ScenicTextContent.m in Sources */,
				5D06B900133038600035260F /* ScenicPolyline.m in Sources */,
				5D06B90713304FCD0035260F /* ScenicMapSelectorModel.m in Sources */,
				5D718D8513398AD000E5DAEF /* ScenicMapView.m in Sources */,
				5D718D89133993FA00E5DAEF /* WildcardGestureRecognizer.m in Sources */,
				5D063712133E885E00BF2EF0 /* PanoramioFetcher.m in Sources */,
				5D99EF0D1340E99900E1412E /* ScenicTripViewController.m in Sources */,
				5D99EF111340EBDA00E1412E /* ScenicTripModel.m in Sources */,
				5D8AAE051343B37100007FD9 /* Scenic.xcdatamodeld in Sources */,
				5DCB3F6F1343B5D5006CF30B /* CDRoute.m in Sources */,
				5DCB3F731343D920006CF30B /* CDHelper.m in Sources */,
				5D3BE3941343F79200534241 /* UserPhotoContent.m in Sources */,
				5D3BE3971344152B00534241 /* CDUserContent.m in Sources */,
				5D33448913464B5E0091C215 /* HistoricalRootViewController.m in Sources */,
			);
			runOnlyForDeploymentPostprocessing = 0;
		};
		5D05880D132098C500D42F0A /* Sources */ = {
			isa = PBXSourcesBuildPhase;
			buildActionMask = 2147483647;
			files = (
				5D058822132098C500D42F0A /* ScenicTests.m in Sources */,
			);
			runOnlyForDeploymentPostprocessing = 0;
		};
/* End PBXSourcesBuildPhase section */

/* Begin PBXTargetDependency section */
		5D058817132098C500D42F0A /* PBXTargetDependency */ = {
			isa = PBXTargetDependency;
			target = 5D0587E7132098C500D42F0A /* Scenic */;
			targetProxy = 5D058816132098C500D42F0A /* PBXContainerItemProxy */;
		};
/* End PBXTargetDependency section */

/* Begin PBXVariantGroup section */
		5D05881B132098C500D42F0A /* InfoPlist.strings */ = {
			isa = PBXVariantGroup;
			children = (
				5D05881C132098C500D42F0A /* en */,
			);
			name = InfoPlist.strings;
			sourceTree = "<group>";
		};
/* End PBXVariantGroup section */

/* Begin XCBuildConfiguration section */
		5D058823132098C500D42F0A /* Debug */ = {
			isa = XCBuildConfiguration;
			buildSettings = {
				ARCHS = "$(ARCHS_STANDARD_32_BIT)";
				CODE_SIGN_IDENTITY = "iPhone Developer";
				"CODE_SIGN_IDENTITY[sdk=iphoneos*]" = "iPhone Developer";
				GCC_C_LANGUAGE_STANDARD = gnu99;
				GCC_OPTIMIZATION_LEVEL = 0;
				GCC_PREPROCESSOR_DEFINITIONS = DEBUG;
				GCC_VERSION = com.apple.compilers.llvmgcc42;
				GCC_WARN_ABOUT_RETURN_TYPE = YES;
				GCC_WARN_UNUSED_VARIABLE = YES;
				IPHONEOS_DEPLOYMENT_TARGET = 4.0;
				PROVISIONING_PROFILE = "";
				"PROVISIONING_PROFILE[sdk=iphoneos*]" = "";
				SDKROOT = iphoneos;
			};
			name = Debug;
		};
		5D058824132098C500D42F0A /* Release */ = {
			isa = XCBuildConfiguration;
			buildSettings = {
				ARCHS = "$(ARCHS_STANDARD_32_BIT)";
				CODE_SIGN_IDENTITY = "iPhone Developer";
				"CODE_SIGN_IDENTITY[sdk=iphoneos*]" = "iPhone Developer";
				GCC_C_LANGUAGE_STANDARD = gnu99;
				GCC_VERSION = com.apple.compilers.llvmgcc42;
				GCC_WARN_ABOUT_RETURN_TYPE = YES;
				GCC_WARN_UNUSED_VARIABLE = YES;
				IPHONEOS_DEPLOYMENT_TARGET = 4.0;
				OTHER_CFLAGS = "-DNS_BLOCK_ASSERTIONS=1";
				PROVISIONING_PROFILE = "";
				"PROVISIONING_PROFILE[sdk=iphoneos*]" = "";
				SDKROOT = iphoneos;
			};
			name = Release;
		};
		5D058826132098C500D42F0A /* Debug */ = {
			isa = XCBuildConfiguration;
			buildSettings = {
				ALWAYS_SEARCH_USER_PATHS = NO;
				COPY_PHASE_STRIP = NO;
				GCC_DYNAMIC_NO_PIC = NO;
				GCC_PRECOMPILE_PREFIX_HEADER = YES;
				GCC_PREFIX_HEADER = "Scenic/Scenic-Prefix.pch";
				INFOPLIST_FILE = "Scenic/Scenic-Info.plist";
				INSTALL_PATH = "$(LOCAL_APPS_DIR)";
				PRODUCT_NAME = "$(TARGET_NAME)";
				WRAPPER_EXTENSION = app;
			};
			name = Debug;
		};
		5D058827132098C500D42F0A /* Release */ = {
			isa = XCBuildConfiguration;
			buildSettings = {
				ALWAYS_SEARCH_USER_PATHS = NO;
				COPY_PHASE_STRIP = YES;
				GCC_PRECOMPILE_PREFIX_HEADER = YES;
				GCC_PREFIX_HEADER = "Scenic/Scenic-Prefix.pch";
				INFOPLIST_FILE = "Scenic/Scenic-Info.plist";
				INSTALL_PATH = "$(LOCAL_APPS_DIR)";
				PRODUCT_NAME = "$(TARGET_NAME)";
				VALIDATE_PRODUCT = YES;
				WRAPPER_EXTENSION = app;
			};
			name = Release;
		};
		5D058829132098C500D42F0A /* Debug */ = {
			isa = XCBuildConfiguration;
			buildSettings = {
				ALWAYS_SEARCH_USER_PATHS = NO;
				BUNDLE_LOADER = "$(BUILT_PRODUCTS_DIR)/Scenic.app/Scenic";
				FRAMEWORK_SEARCH_PATHS = (
					"$(SDKROOT)/Developer/Library/Frameworks",
					"$(DEVELOPER_LIBRARY_DIR)/Frameworks",
				);
				GCC_PRECOMPILE_PREFIX_HEADER = YES;
				GCC_PREFIX_HEADER = "ScenicTests/ScenicTests-Prefix.pch";
				INFOPLIST_FILE = "ScenicTests/ScenicTests-Info.plist";
				OTHER_LDFLAGS = (
					"-framework",
					SenTestingKit,
				);
				PRODUCT_NAME = "$(TARGET_NAME)";
				TEST_HOST = "$(BUNDLE_LOADER)";
				WRAPPER_EXTENSION = octest;
			};
			name = Debug;
		};
		5D05882A132098C500D42F0A /* Release */ = {
			isa = XCBuildConfiguration;
			buildSettings = {
				ALWAYS_SEARCH_USER_PATHS = NO;
				BUNDLE_LOADER = "$(BUILT_PRODUCTS_DIR)/Scenic.app/Scenic";
				FRAMEWORK_SEARCH_PATHS = (
					"$(SDKROOT)/Developer/Library/Frameworks",
					"$(DEVELOPER_LIBRARY_DIR)/Frameworks",
				);
				GCC_PRECOMPILE_PREFIX_HEADER = YES;
				GCC_PREFIX_HEADER = "ScenicTests/ScenicTests-Prefix.pch";
				INFOPLIST_FILE = "ScenicTests/ScenicTests-Info.plist";
				OTHER_LDFLAGS = (
					"-framework",
					SenTestingKit,
				);
				PRODUCT_NAME = "$(TARGET_NAME)";
				TEST_HOST = "$(BUNDLE_LOADER)";
				WRAPPER_EXTENSION = octest;
			};
			name = Release;
		};
/* End XCBuildConfiguration section */

/* Begin XCConfigurationList section */
		5D0587E2132098C400D42F0A /* Build configuration list for PBXProject "Scenic" */ = {
			isa = XCConfigurationList;
			buildConfigurations = (
				5D058823132098C500D42F0A /* Debug */,
				5D058824132098C500D42F0A /* Release */,
			);
			defaultConfigurationIsVisible = 0;
			defaultConfigurationName = Release;
		};
		5D058825132098C500D42F0A /* Build configuration list for PBXNativeTarget "Scenic" */ = {
			isa = XCConfigurationList;
			buildConfigurations = (
				5D058826132098C500D42F0A /* Debug */,
				5D058827132098C500D42F0A /* Release */,
			);
			defaultConfigurationIsVisible = 0;
			defaultConfigurationName = Release;
		};
		5D058828132098C500D42F0A /* Build configuration list for PBXNativeTarget "ScenicTests" */ = {
			isa = XCConfigurationList;
			buildConfigurations = (
				5D058829132098C500D42F0A /* Debug */,
				5D05882A132098C500D42F0A /* Release */,
			);
			defaultConfigurationIsVisible = 0;
			defaultConfigurationName = Release;
		};
/* End XCConfigurationList section */

/* Begin XCVersionGroup section */
		5D8AAE031343B37100007FD9 /* Scenic.xcdatamodeld */ = {
			isa = XCVersionGroup;
			children = (
				5D8AAE041343B37100007FD9 /* Scenic.xcdatamodel */,
			);
			currentVersion = 5D8AAE041343B37100007FD9 /* Scenic.xcdatamodel */;
			path = Scenic.xcdatamodeld;
			sourceTree = "<group>";
			versionGroupType = wrapper.xcdatamodel;
		};
/* End XCVersionGroup section */
	};
	rootObject = 5D0587DF132098C400D42F0A /* Project object */;
}
